
Microsoft Visual Studio Solution File, Format Version 12.00
# Visual Studio Version 17
VisualStudioVersion = 17.0.31903.59
MinimumVisualStudioVersion = 10.0.40219.1
Project("{2150E333-8FDC-42A3-9474-1A3956D46DE8}") = "src", "src", "{D307A315-C5B2-4C89-B60A-781B7B7AE417}"
EndProject
Project("{FAE04EC0-301F-11D3-BF4B-00C04F79EFBC}") = "TestProject", "src\TestProject\TestProject.csproj", "{8C3FEC09-2782-47E7-B4A4-FB141E7845E0}"
EndProject
Project("{2150E333-8FDC-42A3-9474-1A3956D46DE8}") = "test", "test", "{060A80DF-9A24-4AEE-ACB3-AF15A08FA215}"
EndProject
Project("{FAE04EC0-301F-11D3-BF4B-00C04F79EFBC}") = "TestProject.Test", "test\TestProject.Test\TestProject.Test.csproj", "{65D7D7F9-4360-4273-991C-EAC1EFBCDF9B}"
EndProject
Global
	GlobalSection(SolutionConfigurationPlatforms) = preSolution
		Debug|Any CPU = Debug|Any CPU
		Release|Any CPU = Release|Any CPU
	EndGlobalSection
	GlobalSection(SolutionProperties) = preSolution
		HideSolutionNode = FALSE
	EndGlobalSection
	GlobalSection(ProjectConfigurationPlatforms) = postSolution
		{8C3FEC09-2782-47E7-B4A4-FB141E7845E0}.Debug|Any CPU.ActiveCfg = Debug|Any CPU
		{8C3FEC09-2782-47E7-B4A4-FB141E7845E0}.Debug|Any CPU.Build.0 = Debug|Any CPU
		{8C3FEC09-2782-47E7-B4A4-FB141E7845E0}.Release|Any CPU.ActiveCfg = Release|Any CPU
		{8C3FEC09-2782-47E7-B4A4-FB141E7845E0}.Release|Any CPU.Build.0 = Release|Any CPU
		{65D7D7F9-4360-4273-991C-EAC1EFBCDF9B}.Debug|Any CPU.ActiveCfg = Debug|Any CPU
		{65D7D7F9-4360-4273-991C-EAC1EFBCDF9B}.Debug|Any CPU.Build.0 = Debug|Any CPU
		{65D7D7F9-4360-4273-991C-EAC1EFBCDF9B}.Release|Any CPU.ActiveCfg = Release|Any CPU
		{65D7D7F9-4360-4273-991C-EAC1EFBCDF9B}.Release|Any CPU.Build.0 = Release|Any CPU
	EndGlobalSection
	GlobalSection(NestedProjects) = preSolution
		{8C3FEC09-2782-47E7-B4A4-FB141E7845E0} = {D307A315-C5B2-4C89-B60A-781B7B7AE417}
		{65D7D7F9-4360-4273-991C-EAC1EFBCDF9B} = {060A80DF-9A24-4AEE-ACB3-AF15A08FA215}
	EndGlobalSection
EndGlobal
